// !$*UTF8*$!
{
	archiveVersion = 1;
	classes = {
	};
	objectVersion = 46;
	objects = {

/* Begin PBXBuildFile section */
		00E356F31AD99517003FC87E /* BitcoinWalletTests.m in Sources */ = {isa = PBXBuildFile; fileRef = 00E356F21AD99517003FC87E /* BitcoinWalletTests.m */; };
		13B07FBC1A68108700A75B9A /* AppDelegate.m in Sources */ = {isa = PBXBuildFile; fileRef = 13B07FB01A68108700A75B9A /* AppDelegate.m */; };
		13B07FBD1A68108700A75B9A /* LaunchScreen.xib in Resources */ = {isa = PBXBuildFile; fileRef = 13B07FB11A68108700A75B9A /* LaunchScreen.xib */; };
		13B07FBF1A68108700A75B9A /* Images.xcassets in Resources */ = {isa = PBXBuildFile; fileRef = 13B07FB51A68108700A75B9A /* Images.xcassets */; };
		13B07FC11A68108700A75B9A /* main.m in Sources */ = {isa = PBXBuildFile; fileRef = 13B07FB71A68108700A75B9A /* main.m */; };
		2D02E4BC1E0B4A80006451C7 /* AppDelegate.m in Sources */ = {isa = PBXBuildFile; fileRef = 13B07FB01A68108700A75B9A /* AppDelegate.m */; };
		2D02E4BD1E0B4A84006451C7 /* Images.xcassets in Resources */ = {isa = PBXBuildFile; fileRef = 13B07FB51A68108700A75B9A /* Images.xcassets */; };
		2D02E4BF1E0B4AB3006451C7 /* main.m in Sources */ = {isa = PBXBuildFile; fileRef = 13B07FB71A68108700A75B9A /* main.m */; };
		2DCD954D1E0B4F2C00145EB5 /* BitcoinWalletTests.m in Sources */ = {isa = PBXBuildFile; fileRef = 00E356F21AD99517003FC87E /* BitcoinWalletTests.m */; };
		5C65F1B209EA4ABE9EEA10BF /* AntDesign.ttf in Resources */ = {isa = PBXBuildFile; fileRef = 5362A1DF394543C9A96B5F85 /* AntDesign.ttf */; };
		0817EB646359498AB5D844C9 /* Entypo.ttf in Resources */ = {isa = PBXBuildFile; fileRef = CF39F6E11E9540669D97069C /* Entypo.ttf */; };
		76E7C2FB511641F1BDC307B8 /* EvilIcons.ttf in Resources */ = {isa = PBXBuildFile; fileRef = D630666162294B5FA42DD2AA /* EvilIcons.ttf */; };
		CDFCC6B2EAFF4AF1A0E81CD6 /* Feather.ttf in Resources */ = {isa = PBXBuildFile; fileRef = 93FCDDED655743F78358D6A8 /* Feather.ttf */; };
		058F6302F36B4E598F4CDEFB /* FontAwesome.ttf in Resources */ = {isa = PBXBuildFile; fileRef = 0823B0D3E1344F9A99D3B9DC /* FontAwesome.ttf */; };
		EB346DE5AE6C45E3934D9B42 /* FontAwesome5_Brands.ttf in Resources */ = {isa = PBXBuildFile; fileRef = D5A2D33055B34C76B2996B68 /* FontAwesome5_Brands.ttf */; };
		BC70F484BC9E436AA2A0A9FD /* FontAwesome5_Regular.ttf in Resources */ = {isa = PBXBuildFile; fileRef = 9B130E2A6F4946C7B4FE6EE1 /* FontAwesome5_Regular.ttf */; };
		07B15A309EB7426EB91A1D01 /* FontAwesome5_Solid.ttf in Resources */ = {isa = PBXBuildFile; fileRef = C675F10DC88A45939A0B193D /* FontAwesome5_Solid.ttf */; };
		BF399EB414624B99BBE5BBEC /* Fontisto.ttf in Resources */ = {isa = PBXBuildFile; fileRef = 527D750E74FA4CE8A5B9D71B /* Fontisto.ttf */; };
		9E911466CC4742999513477F /* Foundation.ttf in Resources */ = {isa = PBXBuildFile; fileRef = A0EE91928D3C4C6CA83B8534 /* Foundation.ttf */; };
		FF6ECEF5008A4979BF019DB3 /* Ionicons.ttf in Resources */ = {isa = PBXBuildFile; fileRef = 00D9305CBC1D459FB9D9797C /* Ionicons.ttf */; };
		66AC993DAB684875BD1FD20B /* MaterialCommunityIcons.ttf in Resources */ = {isa = PBXBuildFile; fileRef = 37332F267D2544528D2F1C21 /* MaterialCommunityIcons.ttf */; };
		D7A1ABCCA90E4657B8E35AE8 /* MaterialIcons.ttf in Resources */ = {isa = PBXBuildFile; fileRef = 9276B17F6DBC4ADFB415C695 /* MaterialIcons.ttf */; };
		759C5AEBC35B4DFDA6B83FA5 /* Octicons.ttf in Resources */ = {isa = PBXBuildFile; fileRef = EF9FDFF738124548B934E9B3 /* Octicons.ttf */; };
		F285F1D7D89B4CE8BBE72318 /* SimpleLineIcons.ttf in Resources */ = {isa = PBXBuildFile; fileRef = 1E570E9E9E564CF5A09344C4 /* SimpleLineIcons.ttf */; };
		452D775DDA3C4B2DAB664A88 /* Zocial.ttf in Resources */ = {isa = PBXBuildFile; fileRef = FD582B0B9A0D47A8AB2C00D1 /* Zocial.ttf */; };
		97951AE584D2468AB4B3FE0A /* AntDesign.ttf in Resources */ = {isa = PBXBuildFile; fileRef = DC51E824885F4C5EAB80832A /* AntDesign.ttf */; };
		B28DEE13FB6743BE85FD2C5C /* Entypo.ttf in Resources */ = {isa = PBXBuildFile; fileRef = 404F8FFFB0064DA1BD6BDE2A /* Entypo.ttf */; };
		9F8E014F32E541FBABF5D397 /* EvilIcons.ttf in Resources */ = {isa = PBXBuildFile; fileRef = 8F2C1A5F8BF44F94BD8119B3 /* EvilIcons.ttf */; };
		B764D4B862F04C749B21F2EF /* Feather.ttf in Resources */ = {isa = PBXBuildFile; fileRef = 1FFF2D4823164A6189242DC7 /* Feather.ttf */; };
		E4AAB37E7CBE4023B1EDE029 /* FontAwesome.ttf in Resources */ = {isa = PBXBuildFile; fileRef = DB08A7AF5F2C40A48CF55229 /* FontAwesome.ttf */; };
		E4281F9983D74C6884D79476 /* FontAwesome5_Brands.ttf in Resources */ = {isa = PBXBuildFile; fileRef = 9C9C646839AB4F88AF01D900 /* FontAwesome5_Brands.ttf */; };
		555A91976E5C43E78AED0417 /* FontAwesome5_Regular.ttf in Resources */ = {isa = PBXBuildFile; fileRef = F8EDBB3245584CEFB120EDD2 /* FontAwesome5_Regular.ttf */; };
		2F1FDBEDDCC34F198D6C466B /* FontAwesome5_Solid.ttf in Resources */ = {isa = PBXBuildFile; fileRef = DC25BFE8F5764083B668186B /* FontAwesome5_Solid.ttf */; };
		90AE48D2CAD94CEDBD26C8FE /* Fontisto.ttf in Resources */ = {isa = PBXBuildFile; fileRef = A8A2FA461876480DA75FAF11 /* Fontisto.ttf */; };
		ECD08ADC2DBD484CAA9D2AF3 /* Foundation.ttf in Resources */ = {isa = PBXBuildFile; fileRef = F57FD9F09CB746C5ABFD5448 /* Foundation.ttf */; };
		489A29FD895C43B2A1BF655A /* Ionicons.ttf in Resources */ = {isa = PBXBuildFile; fileRef = F5C8681A4C12466AB0CE7F95 /* Ionicons.ttf */; };
		D1C92DA28A504FACBC871B21 /* MaterialCommunityIcons.ttf in Resources */ = {isa = PBXBuildFile; fileRef = CABEC97BB7564D79B8229EFF /* MaterialCommunityIcons.ttf */; };
		7DA9218ADF91499B9EFBC119 /* MaterialIcons.ttf in Resources */ = {isa = PBXBuildFile; fileRef = 6C788E7D9651454AB13D97F3 /* MaterialIcons.ttf */; };
		C450E2DFC6F54173A0F4306F /* Octicons.ttf in Resources */ = {isa = PBXBuildFile; fileRef = 8D13ACCDFAED49B7BD1A58BC /* Octicons.ttf */; };
		42C0FECF92314373BE55DB86 /* Roboto_medium.ttf in Resources */ = {isa = PBXBuildFile; fileRef = EFF47708AE0A4CF799AE6632 /* Roboto_medium.ttf */; };
		750973C917BB4EE2A29C0DDD /* Roboto.ttf in Resources */ = {isa = PBXBuildFile; fileRef = C6F2D60810F44A2B80398BEE /* Roboto.ttf */; };
		1BDD67B420714989AA49E582 /* rubicon-icon-font.ttf in Resources */ = {isa = PBXBuildFile; fileRef = 6ABF472BC03148F9BBD585F8 /* rubicon-icon-font.ttf */; };
		9A0EFAFCFD63423BB905A691 /* SimpleLineIcons.ttf in Resources */ = {isa = PBXBuildFile; fileRef = D37ADE8DCFA34319A66B8463 /* SimpleLineIcons.ttf */; };
		B01E25EE89834B34A58BDE7C /* Zocial.ttf in Resources */ = {isa = PBXBuildFile; fileRef = BECC41C355FF4AC8BD662430 /* Zocial.ttf */; };
		742016D351F84CC9A34D909E /* OpenSans-Bold.ttf in Resources */ = {isa = PBXBuildFile; fileRef = C4F592888E4E4EFA9DAC9855 /* OpenSans-Bold.ttf */; };
		1209EACD5B3B4011939848EA /* OpenSans-BoldItalic.ttf in Resources */ = {isa = PBXBuildFile; fileRef = CD81DE880BFC43E1A06F7DF4 /* OpenSans-BoldItalic.ttf */; };
		7E9BDB4904634D5C99D545B3 /* OpenSans-ExtraBold.ttf in Resources */ = {isa = PBXBuildFile; fileRef = A20730CB7EDE4BCD9AD1D428 /* OpenSans-ExtraBold.ttf */; };
		969A791C1A374F5A8D0DC69F /* OpenSans-ExtraBoldItalic.ttf in Resources */ = {isa = PBXBuildFile; fileRef = 05FB09FD2F574EAF82475D2E /* OpenSans-ExtraBoldItalic.ttf */; };
		228B06D07AFA458B8DC818BD /* OpenSans-Italic.ttf in Resources */ = {isa = PBXBuildFile; fileRef = F8310BD5CA6C4249BE081235 /* OpenSans-Italic.ttf */; };
		DA06DA10E9844526B7530324 /* OpenSans-Light.ttf in Resources */ = {isa = PBXBuildFile; fileRef = 0A365367F59640F0901CDA17 /* OpenSans-Light.ttf */; };
		AA9B661E4D8C4BDBA3BE0666 /* OpenSans-LightItalic.ttf in Resources */ = {isa = PBXBuildFile; fileRef = 4BE7B103B2E14D8C9D512D8E /* OpenSans-LightItalic.ttf */; };
		BC5B63963C924AB88E314DDD /* OpenSans-Regular.ttf in Resources */ = {isa = PBXBuildFile; fileRef = D0DAE329F3E74DC799BE2890 /* OpenSans-Regular.ttf */; };
		B511D8829F714ED899C433A1 /* OpenSans-SemiBold.ttf in Resources */ = {isa = PBXBuildFile; fileRef = 42CE150B222E4342AFF4045A /* OpenSans-SemiBold.ttf */; };
		C5E28A005ABB461998490331 /* OpenSans-SemiBoldItalic.ttf in Resources */ = {isa = PBXBuildFile; fileRef = 031A97BFCE0F44F1AC7F6CB2 /* OpenSans-SemiBoldItalic.ttf */; };
/* End PBXBuildFile section */

/* Begin PBXContainerItemProxy section */
		00E356F41AD99517003FC87E /* PBXContainerItemProxy */ = {
			isa = PBXContainerItemProxy;
			containerPortal = 83CBB9F71A601CBA00E9B192 /* Project object */;
			proxyType = 1;
			remoteGlobalIDString = 13B07F861A680F5B00A75B9A;
			remoteInfo = BitcoinWallet;
		};
		2D02E4911E0B4A5D006451C7 /* PBXContainerItemProxy */ = {
			isa = PBXContainerItemProxy;
			containerPortal = 83CBB9F71A601CBA00E9B192 /* Project object */;
			proxyType = 1;
			remoteGlobalIDString = 2D02E47A1E0B4A5D006451C7;
			remoteInfo = "BitcoinWallet-tvOS";
		};
/* End PBXContainerItemProxy section */

/* Begin PBXFileReference section */
		008F07F21AC5B25A0029DE68 /* main.jsbundle */ = {isa = PBXFileReference; fileEncoding = 4; lastKnownFileType = text; path = main.jsbundle; sourceTree = "<group>"; };
		00E356EE1AD99517003FC87E /* BitcoinWalletTests.xctest */ = {isa = PBXFileReference; explicitFileType = wrapper.cfbundle; includeInIndex = 0; path = BitcoinWalletTests.xctest; sourceTree = BUILT_PRODUCTS_DIR; };
		00E356F11AD99517003FC87E /* Info.plist */ = {isa = PBXFileReference; lastKnownFileType = text.plist.xml; path = Info.plist; sourceTree = "<group>"; };
		00E356F21AD99517003FC87E /* BitcoinWalletTests.m */ = {isa = PBXFileReference; lastKnownFileType = sourcecode.c.objc; path = BitcoinWalletTests.m; sourceTree = "<group>"; };
		13B07F961A680F5B00A75B9A /* BitcoinWallet.app */ = {isa = PBXFileReference; explicitFileType = wrapper.application; includeInIndex = 0; path = BitcoinWallet.app; sourceTree = BUILT_PRODUCTS_DIR; };
		13B07FAF1A68108700A75B9A /* AppDelegate.h */ = {isa = PBXFileReference; fileEncoding = 4; lastKnownFileType = sourcecode.c.h; name = AppDelegate.h; path = BitcoinWallet/AppDelegate.h; sourceTree = "<group>"; };
		13B07FB01A68108700A75B9A /* AppDelegate.m */ = {isa = PBXFileReference; fileEncoding = 4; lastKnownFileType = sourcecode.c.objc; name = AppDelegate.m; path = BitcoinWallet/AppDelegate.m; sourceTree = "<group>"; };
		13B07FB21A68108700A75B9A /* Base */ = {isa = PBXFileReference; lastKnownFileType = file.xib; name = Base; path = Base.lproj/LaunchScreen.xib; sourceTree = "<group>"; };
		13B07FB51A68108700A75B9A /* Images.xcassets */ = {isa = PBXFileReference; lastKnownFileType = folder.assetcatalog; name = Images.xcassets; path = BitcoinWallet/Images.xcassets; sourceTree = "<group>"; };
		13B07FB61A68108700A75B9A /* Info.plist */ = {isa = PBXFileReference; fileEncoding = 4; lastKnownFileType = text.plist.xml; name = Info.plist; path = BitcoinWallet/Info.plist; sourceTree = "<group>"; };
		13B07FB71A68108700A75B9A /* main.m */ = {isa = PBXFileReference; fileEncoding = 4; lastKnownFileType = sourcecode.c.objc; name = main.m; path = BitcoinWallet/main.m; sourceTree = "<group>"; };
		2D02E47B1E0B4A5D006451C7 /* BitcoinWallet-tvOS.app */ = {isa = PBXFileReference; explicitFileType = wrapper.application; includeInIndex = 0; path = "BitcoinWallet-tvOS.app"; sourceTree = BUILT_PRODUCTS_DIR; };
		2D02E4901E0B4A5D006451C7 /* BitcoinWallet-tvOSTests.xctest */ = {isa = PBXFileReference; explicitFileType = wrapper.cfbundle; includeInIndex = 0; path = "BitcoinWallet-tvOSTests.xctest"; sourceTree = BUILT_PRODUCTS_DIR; };
		ED297162215061F000B7C4FE /* JavaScriptCore.framework */ = {isa = PBXFileReference; lastKnownFileType = wrapper.framework; name = JavaScriptCore.framework; path = System/Library/Frameworks/JavaScriptCore.framework; sourceTree = SDKROOT; };
		ED2971642150620600B7C4FE /* JavaScriptCore.framework */ = {isa = PBXFileReference; lastKnownFileType = wrapper.framework; name = JavaScriptCore.framework; path = Platforms/AppleTVOS.platform/Developer/SDKs/AppleTVOS12.0.sdk/System/Library/Frameworks/JavaScriptCore.framework; sourceTree = DEVELOPER_DIR; };
		5362A1DF394543C9A96B5F85 /* AntDesign.ttf */ = {isa = PBXFileReference; name = "AntDesign.ttf"; path = "../node_modules/react-native-vector-icons/Fonts/AntDesign.ttf"; sourceTree = "<group>"; fileEncoding = undefined; lastKnownFileType = unknown; explicitFileType = undefined; includeInIndex = 0; };
		CF39F6E11E9540669D97069C /* Entypo.ttf */ = {isa = PBXFileReference; name = "Entypo.ttf"; path = "../node_modules/react-native-vector-icons/Fonts/Entypo.ttf"; sourceTree = "<group>"; fileEncoding = undefined; lastKnownFileType = unknown; explicitFileType = undefined; includeInIndex = 0; };
		D630666162294B5FA42DD2AA /* EvilIcons.ttf */ = {isa = PBXFileReference; name = "EvilIcons.ttf"; path = "../node_modules/react-native-vector-icons/Fonts/EvilIcons.ttf"; sourceTree = "<group>"; fileEncoding = undefined; lastKnownFileType = unknown; explicitFileType = undefined; includeInIndex = 0; };
		93FCDDED655743F78358D6A8 /* Feather.ttf */ = {isa = PBXFileReference; name = "Feather.ttf"; path = "../node_modules/react-native-vector-icons/Fonts/Feather.ttf"; sourceTree = "<group>"; fileEncoding = undefined; lastKnownFileType = unknown; explicitFileType = undefined; includeInIndex = 0; };
		0823B0D3E1344F9A99D3B9DC /* FontAwesome.ttf */ = {isa = PBXFileReference; name = "FontAwesome.ttf"; path = "../node_modules/react-native-vector-icons/Fonts/FontAwesome.ttf"; sourceTree = "<group>"; fileEncoding = undefined; lastKnownFileType = unknown; explicitFileType = undefined; includeInIndex = 0; };
		D5A2D33055B34C76B2996B68 /* FontAwesome5_Brands.ttf */ = {isa = PBXFileReference; name = "FontAwesome5_Brands.ttf"; path = "../node_modules/react-native-vector-icons/Fonts/FontAwesome5_Brands.ttf"; sourceTree = "<group>"; fileEncoding = undefined; lastKnownFileType = unknown; explicitFileType = undefined; includeInIndex = 0; };
		9B130E2A6F4946C7B4FE6EE1 /* FontAwesome5_Regular.ttf */ = {isa = PBXFileReference; name = "FontAwesome5_Regular.ttf"; path = "../node_modules/react-native-vector-icons/Fonts/FontAwesome5_Regular.ttf"; sourceTree = "<group>"; fileEncoding = undefined; lastKnownFileType = unknown; explicitFileType = undefined; includeInIndex = 0; };
		C675F10DC88A45939A0B193D /* FontAwesome5_Solid.ttf */ = {isa = PBXFileReference; name = "FontAwesome5_Solid.ttf"; path = "../node_modules/react-native-vector-icons/Fonts/FontAwesome5_Solid.ttf"; sourceTree = "<group>"; fileEncoding = undefined; lastKnownFileType = unknown; explicitFileType = undefined; includeInIndex = 0; };
		527D750E74FA4CE8A5B9D71B /* Fontisto.ttf */ = {isa = PBXFileReference; name = "Fontisto.ttf"; path = "../node_modules/react-native-vector-icons/Fonts/Fontisto.ttf"; sourceTree = "<group>"; fileEncoding = undefined; lastKnownFileType = unknown; explicitFileType = undefined; includeInIndex = 0; };
		A0EE91928D3C4C6CA83B8534 /* Foundation.ttf */ = {isa = PBXFileReference; name = "Foundation.ttf"; path = "../node_modules/react-native-vector-icons/Fonts/Foundation.ttf"; sourceTree = "<group>"; fileEncoding = undefined; lastKnownFileType = unknown; explicitFileType = undefined; includeInIndex = 0; };
		00D9305CBC1D459FB9D9797C /* Ionicons.ttf */ = {isa = PBXFileReference; name = "Ionicons.ttf"; path = "../node_modules/react-native-vector-icons/Fonts/Ionicons.ttf"; sourceTree = "<group>"; fileEncoding = undefined; lastKnownFileType = unknown; explicitFileType = undefined; includeInIndex = 0; };
		37332F267D2544528D2F1C21 /* MaterialCommunityIcons.ttf */ = {isa = PBXFileReference; name = "MaterialCommunityIcons.ttf"; path = "../node_modules/react-native-vector-icons/Fonts/MaterialCommunityIcons.ttf"; sourceTree = "<group>"; fileEncoding = undefined; lastKnownFileType = unknown; explicitFileType = undefined; includeInIndex = 0; };
		9276B17F6DBC4ADFB415C695 /* MaterialIcons.ttf */ = {isa = PBXFileReference; name = "MaterialIcons.ttf"; path = "../node_modules/react-native-vector-icons/Fonts/MaterialIcons.ttf"; sourceTree = "<group>"; fileEncoding = undefined; lastKnownFileType = unknown; explicitFileType = undefined; includeInIndex = 0; };
		EF9FDFF738124548B934E9B3 /* Octicons.ttf */ = {isa = PBXFileReference; name = "Octicons.ttf"; path = "../node_modules/react-native-vector-icons/Fonts/Octicons.ttf"; sourceTree = "<group>"; fileEncoding = undefined; lastKnownFileType = unknown; explicitFileType = undefined; includeInIndex = 0; };
		1E570E9E9E564CF5A09344C4 /* SimpleLineIcons.ttf */ = {isa = PBXFileReference; name = "SimpleLineIcons.ttf"; path = "../node_modules/react-native-vector-icons/Fonts/SimpleLineIcons.ttf"; sourceTree = "<group>"; fileEncoding = undefined; lastKnownFileType = unknown; explicitFileType = undefined; includeInIndex = 0; };
		FD582B0B9A0D47A8AB2C00D1 /* Zocial.ttf */ = {isa = PBXFileReference; name = "Zocial.ttf"; path = "../node_modules/react-native-vector-icons/Fonts/Zocial.ttf"; sourceTree = "<group>"; fileEncoding = undefined; lastKnownFileType = unknown; explicitFileType = undefined; includeInIndex = 0; };
		DC51E824885F4C5EAB80832A /* AntDesign.ttf */ = {isa = PBXFileReference; name = "AntDesign.ttf"; path = "../node_modules/native-base/Fonts/AntDesign.ttf"; sourceTree = "<group>"; fileEncoding = undefined; lastKnownFileType = unknown; explicitFileType = undefined; includeInIndex = 0; };
		404F8FFFB0064DA1BD6BDE2A /* Entypo.ttf */ = {isa = PBXFileReference; name = "Entypo.ttf"; path = "../node_modules/native-base/Fonts/Entypo.ttf"; sourceTree = "<group>"; fileEncoding = undefined; lastKnownFileType = unknown; explicitFileType = undefined; includeInIndex = 0; };
		8F2C1A5F8BF44F94BD8119B3 /* EvilIcons.ttf */ = {isa = PBXFileReference; name = "EvilIcons.ttf"; path = "../node_modules/native-base/Fonts/EvilIcons.ttf"; sourceTree = "<group>"; fileEncoding = undefined; lastKnownFileType = unknown; explicitFileType = undefined; includeInIndex = 0; };
		1FFF2D4823164A6189242DC7 /* Feather.ttf */ = {isa = PBXFileReference; name = "Feather.ttf"; path = "../node_modules/native-base/Fonts/Feather.ttf"; sourceTree = "<group>"; fileEncoding = undefined; lastKnownFileType = unknown; explicitFileType = undefined; includeInIndex = 0; };
		DB08A7AF5F2C40A48CF55229 /* FontAwesome.ttf */ = {isa = PBXFileReference; name = "FontAwesome.ttf"; path = "../node_modules/native-base/Fonts/FontAwesome.ttf"; sourceTree = "<group>"; fileEncoding = undefined; lastKnownFileType = unknown; explicitFileType = undefined; includeInIndex = 0; };
		9C9C646839AB4F88AF01D900 /* FontAwesome5_Brands.ttf */ = {isa = PBXFileReference; name = "FontAwesome5_Brands.ttf"; path = "../node_modules/native-base/Fonts/FontAwesome5_Brands.ttf"; sourceTree = "<group>"; fileEncoding = undefined; lastKnownFileType = unknown; explicitFileType = undefined; includeInIndex = 0; };
		F8EDBB3245584CEFB120EDD2 /* FontAwesome5_Regular.ttf */ = {isa = PBXFileReference; name = "FontAwesome5_Regular.ttf"; path = "../node_modules/native-base/Fonts/FontAwesome5_Regular.ttf"; sourceTree = "<group>"; fileEncoding = undefined; lastKnownFileType = unknown; explicitFileType = undefined; includeInIndex = 0; };
		DC25BFE8F5764083B668186B /* FontAwesome5_Solid.ttf */ = {isa = PBXFileReference; name = "FontAwesome5_Solid.ttf"; path = "../node_modules/native-base/Fonts/FontAwesome5_Solid.ttf"; sourceTree = "<group>"; fileEncoding = undefined; lastKnownFileType = unknown; explicitFileType = undefined; includeInIndex = 0; };
		A8A2FA461876480DA75FAF11 /* Fontisto.ttf */ = {isa = PBXFileReference; name = "Fontisto.ttf"; path = "../node_modules/native-base/Fonts/Fontisto.ttf"; sourceTree = "<group>"; fileEncoding = undefined; lastKnownFileType = unknown; explicitFileType = undefined; includeInIndex = 0; };
		F57FD9F09CB746C5ABFD5448 /* Foundation.ttf */ = {isa = PBXFileReference; name = "Foundation.ttf"; path = "../node_modules/native-base/Fonts/Foundation.ttf"; sourceTree = "<group>"; fileEncoding = undefined; lastKnownFileType = unknown; explicitFileType = undefined; includeInIndex = 0; };
		F5C8681A4C12466AB0CE7F95 /* Ionicons.ttf */ = {isa = PBXFileReference; name = "Ionicons.ttf"; path = "../node_modules/native-base/Fonts/Ionicons.ttf"; sourceTree = "<group>"; fileEncoding = undefined; lastKnownFileType = unknown; explicitFileType = undefined; includeInIndex = 0; };
		CABEC97BB7564D79B8229EFF /* MaterialCommunityIcons.ttf */ = {isa = PBXFileReference; name = "MaterialCommunityIcons.ttf"; path = "../node_modules/native-base/Fonts/MaterialCommunityIcons.ttf"; sourceTree = "<group>"; fileEncoding = undefined; lastKnownFileType = unknown; explicitFileType = undefined; includeInIndex = 0; };
		6C788E7D9651454AB13D97F3 /* MaterialIcons.ttf */ = {isa = PBXFileReference; name = "MaterialIcons.ttf"; path = "../node_modules/native-base/Fonts/MaterialIcons.ttf"; sourceTree = "<group>"; fileEncoding = undefined; lastKnownFileType = unknown; explicitFileType = undefined; includeInIndex = 0; };
		8D13ACCDFAED49B7BD1A58BC /* Octicons.ttf */ = {isa = PBXFileReference; name = "Octicons.ttf"; path = "../node_modules/native-base/Fonts/Octicons.ttf"; sourceTree = "<group>"; fileEncoding = undefined; lastKnownFileType = unknown; explicitFileType = undefined; includeInIndex = 0; };
		EFF47708AE0A4CF799AE6632 /* Roboto_medium.ttf */ = {isa = PBXFileReference; name = "Roboto_medium.ttf"; path = "../node_modules/native-base/Fonts/Roboto_medium.ttf"; sourceTree = "<group>"; fileEncoding = undefined; lastKnownFileType = unknown; explicitFileType = undefined; includeInIndex = 0; };
		C6F2D60810F44A2B80398BEE /* Roboto.ttf */ = {isa = PBXFileReference; name = "Roboto.ttf"; path = "../node_modules/native-base/Fonts/Roboto.ttf"; sourceTree = "<group>"; fileEncoding = undefined; lastKnownFileType = unknown; explicitFileType = undefined; includeInIndex = 0; };
		6ABF472BC03148F9BBD585F8 /* rubicon-icon-font.ttf */ = {isa = PBXFileReference; name = "rubicon-icon-font.ttf"; path = "../node_modules/native-base/Fonts/rubicon-icon-font.ttf"; sourceTree = "<group>"; fileEncoding = undefined; lastKnownFileType = unknown; explicitFileType = undefined; includeInIndex = 0; };
		D37ADE8DCFA34319A66B8463 /* SimpleLineIcons.ttf */ = {isa = PBXFileReference; name = "SimpleLineIcons.ttf"; path = "../node_modules/native-base/Fonts/SimpleLineIcons.ttf"; sourceTree = "<group>"; fileEncoding = undefined; lastKnownFileType = unknown; explicitFileType = undefined; includeInIndex = 0; };
		BECC41C355FF4AC8BD662430 /* Zocial.ttf */ = {isa = PBXFileReference; name = "Zocial.ttf"; path = "../node_modules/native-base/Fonts/Zocial.ttf"; sourceTree = "<group>"; fileEncoding = undefined; lastKnownFileType = unknown; explicitFileType = undefined; includeInIndex = 0; };
		C4F592888E4E4EFA9DAC9855 /* OpenSans-Bold.ttf */ = {isa = PBXFileReference; name = "OpenSans-Bold.ttf"; path = "../assets/fonts/OpenSans-Bold.ttf"; sourceTree = "<group>"; fileEncoding = undefined; lastKnownFileType = unknown; explicitFileType = undefined; includeInIndex = 0; };
		CD81DE880BFC43E1A06F7DF4 /* OpenSans-BoldItalic.ttf */ = {isa = PBXFileReference; name = "OpenSans-BoldItalic.ttf"; path = "../assets/fonts/OpenSans-BoldItalic.ttf"; sourceTree = "<group>"; fileEncoding = undefined; lastKnownFileType = unknown; explicitFileType = undefined; includeInIndex = 0; };
		A20730CB7EDE4BCD9AD1D428 /* OpenSans-ExtraBold.ttf */ = {isa = PBXFileReference; name = "OpenSans-ExtraBold.ttf"; path = "../assets/fonts/OpenSans-ExtraBold.ttf"; sourceTree = "<group>"; fileEncoding = undefined; lastKnownFileType = unknown; explicitFileType = undefined; includeInIndex = 0; };
		05FB09FD2F574EAF82475D2E /* OpenSans-ExtraBoldItalic.ttf */ = {isa = PBXFileReference; name = "OpenSans-ExtraBoldItalic.ttf"; path = "../assets/fonts/OpenSans-ExtraBoldItalic.ttf"; sourceTree = "<group>"; fileEncoding = undefined; lastKnownFileType = unknown; explicitFileType = undefined; includeInIndex = 0; };
		F8310BD5CA6C4249BE081235 /* OpenSans-Italic.ttf */ = {isa = PBXFileReference; name = "OpenSans-Italic.ttf"; path = "../assets/fonts/OpenSans-Italic.ttf"; sourceTree = "<group>"; fileEncoding = undefined; lastKnownFileType = unknown; explicitFileType = undefined; includeInIndex = 0; };
		0A365367F59640F0901CDA17 /* OpenSans-Light.ttf */ = {isa = PBXFileReference; name = "OpenSans-Light.ttf"; path = "../assets/fonts/OpenSans-Light.ttf"; sourceTree = "<group>"; fileEncoding = undefined; lastKnownFileType = unknown; explicitFileType = undefined; includeInIndex = 0; };
		4BE7B103B2E14D8C9D512D8E /* OpenSans-LightItalic.ttf */ = {isa = PBXFileReference; name = "OpenSans-LightItalic.ttf"; path = "../assets/fonts/OpenSans-LightItalic.ttf"; sourceTree = "<group>"; fileEncoding = undefined; lastKnownFileType = unknown; explicitFileType = undefined; includeInIndex = 0; };
		D0DAE329F3E74DC799BE2890 /* OpenSans-Regular.ttf */ = {isa = PBXFileReference; name = "OpenSans-Regular.ttf"; path = "../assets/fonts/OpenSans-Regular.ttf"; sourceTree = "<group>"; fileEncoding = undefined; lastKnownFileType = unknown; explicitFileType = undefined; includeInIndex = 0; };
		42CE150B222E4342AFF4045A /* OpenSans-SemiBold.ttf */ = {isa = PBXFileReference; name = "OpenSans-SemiBold.ttf"; path = "../assets/fonts/OpenSans-SemiBold.ttf"; sourceTree = "<group>"; fileEncoding = undefined; lastKnownFileType = unknown; explicitFileType = undefined; includeInIndex = 0; };
		031A97BFCE0F44F1AC7F6CB2 /* OpenSans-SemiBoldItalic.ttf */ = {isa = PBXFileReference; name = "OpenSans-SemiBoldItalic.ttf"; path = "../assets/fonts/OpenSans-SemiBoldItalic.ttf"; sourceTree = "<group>"; fileEncoding = undefined; lastKnownFileType = unknown; explicitFileType = undefined; includeInIndex = 0; };
/* End PBXFileReference section */

/* Begin PBXFrameworksBuildPhase section */
		00E356EB1AD99517003FC87E /* Frameworks */ = {
			isa = PBXFrameworksBuildPhase;
			buildActionMask = 2147483647;
			files = (
			);
			runOnlyForDeploymentPostprocessing = 0;
		};
		13B07F8C1A680F5B00A75B9A /* Frameworks */ = {
			isa = PBXFrameworksBuildPhase;
			buildActionMask = 2147483647;
			files = (
			);
			runOnlyForDeploymentPostprocessing = 0;
		};
		2D02E4781E0B4A5D006451C7 /* Frameworks */ = {
			isa = PBXFrameworksBuildPhase;
			buildActionMask = 2147483647;
			files = (
			);
			runOnlyForDeploymentPostprocessing = 0;
		};
		2D02E48D1E0B4A5D006451C7 /* Frameworks */ = {
			isa = PBXFrameworksBuildPhase;
			buildActionMask = 2147483647;
			files = (
			);
			runOnlyForDeploymentPostprocessing = 0;
		};
/* End PBXFrameworksBuildPhase section */

/* Begin PBXGroup section */
		00E356EF1AD99517003FC87E /* BitcoinWalletTests */ = {
			isa = PBXGroup;
			children = (
				00E356F21AD99517003FC87E /* BitcoinWalletTests.m */,
				00E356F01AD99517003FC87E /* Supporting Files */,
			);
			path = BitcoinWalletTests;
			sourceTree = "<group>";
		};
		00E356F01AD99517003FC87E /* Supporting Files */ = {
			isa = PBXGroup;
			children = (
				00E356F11AD99517003FC87E /* Info.plist */,
			);
			name = "Supporting Files";
			sourceTree = "<group>";
		};
		13B07FAE1A68108700A75B9A /* BitcoinWallet */ = {
			isa = PBXGroup;
			children = (
				008F07F21AC5B25A0029DE68 /* main.jsbundle */,
				13B07FAF1A68108700A75B9A /* AppDelegate.h */,
				13B07FB01A68108700A75B9A /* AppDelegate.m */,
				13B07FB51A68108700A75B9A /* Images.xcassets */,
				13B07FB61A68108700A75B9A /* Info.plist */,
				13B07FB11A68108700A75B9A /* LaunchScreen.xib */,
				13B07FB71A68108700A75B9A /* main.m */,
			);
			name = BitcoinWallet;
			sourceTree = "<group>";
		};
		2D16E6871FA4F8E400B85C8A /* Frameworks */ = {
			isa = PBXGroup;
			children = (
				ED297162215061F000B7C4FE /* JavaScriptCore.framework */,
				ED2971642150620600B7C4FE /* JavaScriptCore.framework */,
			);
			name = Frameworks;
			sourceTree = "<group>";
		};
		832341AE1AAA6A7D00B99B32 /* Libraries */ = {
			isa = PBXGroup;
			children = (
			);
			name = Libraries;
			sourceTree = "<group>";
		};
		83CBB9F61A601CBA00E9B192 = {
			isa = PBXGroup;
			children = (
				13B07FAE1A68108700A75B9A /* BitcoinWallet */,
				832341AE1AAA6A7D00B99B32 /* Libraries */,
				00E356EF1AD99517003FC87E /* BitcoinWalletTests */,
				83CBBA001A601CBA00E9B192 /* Products */,
				2D16E6871FA4F8E400B85C8A /* Frameworks */,
				D21846B448F0428E8CDB9771 /* Resources */,
			);
			indentWidth = 2;
			sourceTree = "<group>";
			tabWidth = 2;
			usesTabs = 0;
		};
		83CBBA001A601CBA00E9B192 /* Products */ = {
			isa = PBXGroup;
			children = (
				13B07F961A680F5B00A75B9A /* BitcoinWallet.app */,
				00E356EE1AD99517003FC87E /* BitcoinWalletTests.xctest */,
				2D02E47B1E0B4A5D006451C7 /* BitcoinWallet-tvOS.app */,
				2D02E4901E0B4A5D006451C7 /* BitcoinWallet-tvOSTests.xctest */,
			);
			name = Products;
			sourceTree = "<group>";
		};
		D21846B448F0428E8CDB9771 /* Resources */ = {
			isa = "PBXGroup";
			children = (
				5362A1DF394543C9A96B5F85 /* AntDesign.ttf */,
				CF39F6E11E9540669D97069C /* Entypo.ttf */,
				D630666162294B5FA42DD2AA /* EvilIcons.ttf */,
				93FCDDED655743F78358D6A8 /* Feather.ttf */,
				0823B0D3E1344F9A99D3B9DC /* FontAwesome.ttf */,
				D5A2D33055B34C76B2996B68 /* FontAwesome5_Brands.ttf */,
				9B130E2A6F4946C7B4FE6EE1 /* FontAwesome5_Regular.ttf */,
				C675F10DC88A45939A0B193D /* FontAwesome5_Solid.ttf */,
				527D750E74FA4CE8A5B9D71B /* Fontisto.ttf */,
				A0EE91928D3C4C6CA83B8534 /* Foundation.ttf */,
				00D9305CBC1D459FB9D9797C /* Ionicons.ttf */,
				37332F267D2544528D2F1C21 /* MaterialCommunityIcons.ttf */,
				9276B17F6DBC4ADFB415C695 /* MaterialIcons.ttf */,
				EF9FDFF738124548B934E9B3 /* Octicons.ttf */,
				1E570E9E9E564CF5A09344C4 /* SimpleLineIcons.ttf */,
				FD582B0B9A0D47A8AB2C00D1 /* Zocial.ttf */,
				DC51E824885F4C5EAB80832A /* AntDesign.ttf */,
				404F8FFFB0064DA1BD6BDE2A /* Entypo.ttf */,
				8F2C1A5F8BF44F94BD8119B3 /* EvilIcons.ttf */,
				1FFF2D4823164A6189242DC7 /* Feather.ttf */,
				DB08A7AF5F2C40A48CF55229 /* FontAwesome.ttf */,
				9C9C646839AB4F88AF01D900 /* FontAwesome5_Brands.ttf */,
				F8EDBB3245584CEFB120EDD2 /* FontAwesome5_Regular.ttf */,
				DC25BFE8F5764083B668186B /* FontAwesome5_Solid.ttf */,
				A8A2FA461876480DA75FAF11 /* Fontisto.ttf */,
				F57FD9F09CB746C5ABFD5448 /* Foundation.ttf */,
				F5C8681A4C12466AB0CE7F95 /* Ionicons.ttf */,
				CABEC97BB7564D79B8229EFF /* MaterialCommunityIcons.ttf */,
				6C788E7D9651454AB13D97F3 /* MaterialIcons.ttf */,
				8D13ACCDFAED49B7BD1A58BC /* Octicons.ttf */,
				EFF47708AE0A4CF799AE6632 /* Roboto_medium.ttf */,
				C6F2D60810F44A2B80398BEE /* Roboto.ttf */,
				6ABF472BC03148F9BBD585F8 /* rubicon-icon-font.ttf */,
				D37ADE8DCFA34319A66B8463 /* SimpleLineIcons.ttf */,
				BECC41C355FF4AC8BD662430 /* Zocial.ttf */,
				C4F592888E4E4EFA9DAC9855 /* OpenSans-Bold.ttf */,
				CD81DE880BFC43E1A06F7DF4 /* OpenSans-BoldItalic.ttf */,
				A20730CB7EDE4BCD9AD1D428 /* OpenSans-ExtraBold.ttf */,
				05FB09FD2F574EAF82475D2E /* OpenSans-ExtraBoldItalic.ttf */,
				F8310BD5CA6C4249BE081235 /* OpenSans-Italic.ttf */,
				0A365367F59640F0901CDA17 /* OpenSans-Light.ttf */,
				4BE7B103B2E14D8C9D512D8E /* OpenSans-LightItalic.ttf */,
				D0DAE329F3E74DC799BE2890 /* OpenSans-Regular.ttf */,
				42CE150B222E4342AFF4045A /* OpenSans-SemiBold.ttf */,
				031A97BFCE0F44F1AC7F6CB2 /* OpenSans-SemiBoldItalic.ttf */,
			);
			name = Resources;
			sourceTree = "<group>";
			path = "";
		};
/* End PBXGroup section */

/* Begin PBXNativeTarget section */
		00E356ED1AD99517003FC87E /* BitcoinWalletTests */ = {
			isa = PBXNativeTarget;
			buildConfigurationList = 00E357021AD99517003FC87E /* Build configuration list for PBXNativeTarget "BitcoinWalletTests" */;
			buildPhases = (
				00E356EA1AD99517003FC87E /* Sources */,
				00E356EB1AD99517003FC87E /* Frameworks */,
				00E356EC1AD99517003FC87E /* Resources */,
			);
			buildRules = (
			);
			dependencies = (
				00E356F51AD99517003FC87E /* PBXTargetDependency */,
			);
			name = BitcoinWalletTests;
			productName = BitcoinWalletTests;
			productReference = 00E356EE1AD99517003FC87E /* BitcoinWalletTests.xctest */;
			productType = "com.apple.product-type.bundle.unit-test";
		};
		13B07F861A680F5B00A75B9A /* BitcoinWallet */ = {
			isa = PBXNativeTarget;
			buildConfigurationList = 13B07F931A680F5B00A75B9A /* Build configuration list for PBXNativeTarget "BitcoinWallet" */;
			buildPhases = (
				FD10A7F022414F080027D42C /* Start Packager */,
				13B07F871A680F5B00A75B9A /* Sources */,
				13B07F8C1A680F5B00A75B9A /* Frameworks */,
				13B07F8E1A680F5B00A75B9A /* Resources */,
				00DD1BFF1BD5951E006B06BC /* Bundle React Native code and images */,
			);
			buildRules = (
			);
			dependencies = (
			);
			name = BitcoinWallet;
			productName = BitcoinWallet;
			productReference = 13B07F961A680F5B00A75B9A /* BitcoinWallet.app */;
			productType = "com.apple.product-type.application";
		};
		2D02E47A1E0B4A5D006451C7 /* BitcoinWallet-tvOS */ = {
			isa = PBXNativeTarget;
			buildConfigurationList = 2D02E4BA1E0B4A5E006451C7 /* Build configuration list for PBXNativeTarget "BitcoinWallet-tvOS" */;
			buildPhases = (
				FD10A7F122414F3F0027D42C /* Start Packager */,
				2D02E4771E0B4A5D006451C7 /* Sources */,
				2D02E4781E0B4A5D006451C7 /* Frameworks */,
				2D02E4791E0B4A5D006451C7 /* Resources */,
				2D02E4CB1E0B4B27006451C7 /* Bundle React Native Code And Images */,
			);
			buildRules = (
			);
			dependencies = (
			);
			name = "BitcoinWallet-tvOS";
			productName = "BitcoinWallet-tvOS";
			productReference = 2D02E47B1E0B4A5D006451C7 /* BitcoinWallet-tvOS.app */;
			productType = "com.apple.product-type.application";
		};
		2D02E48F1E0B4A5D006451C7 /* BitcoinWallet-tvOSTests */ = {
			isa = PBXNativeTarget;
			buildConfigurationList = 2D02E4BB1E0B4A5E006451C7 /* Build configuration list for PBXNativeTarget "BitcoinWallet-tvOSTests" */;
			buildPhases = (
				2D02E48C1E0B4A5D006451C7 /* Sources */,
				2D02E48D1E0B4A5D006451C7 /* Frameworks */,
				2D02E48E1E0B4A5D006451C7 /* Resources */,
			);
			buildRules = (
			);
			dependencies = (
				2D02E4921E0B4A5D006451C7 /* PBXTargetDependency */,
			);
			name = "BitcoinWallet-tvOSTests";
			productName = "BitcoinWallet-tvOSTests";
			productReference = 2D02E4901E0B4A5D006451C7 /* BitcoinWallet-tvOSTests.xctest */;
			productType = "com.apple.product-type.bundle.unit-test";
		};
/* End PBXNativeTarget section */

/* Begin PBXProject section */
		83CBB9F71A601CBA00E9B192 /* Project object */ = {
			isa = PBXProject;
			attributes = {
				LastUpgradeCheck = 1130;
				TargetAttributes = {
					00E356ED1AD99517003FC87E = {
						CreatedOnToolsVersion = 6.2;
						TestTargetID = 13B07F861A680F5B00A75B9A;
					};
					13B07F861A680F5B00A75B9A = {
						LastSwiftMigration = 1120;
					};
					2D02E47A1E0B4A5D006451C7 = {
						CreatedOnToolsVersion = 8.2.1;
						ProvisioningStyle = Automatic;
					};
					2D02E48F1E0B4A5D006451C7 = {
						CreatedOnToolsVersion = 8.2.1;
						ProvisioningStyle = Automatic;
						TestTargetID = 2D02E47A1E0B4A5D006451C7;
					};
				};
			};
			buildConfigurationList = 83CBB9FA1A601CBA00E9B192 /* Build configuration list for PBXProject "BitcoinWallet" */;
			compatibilityVersion = "Xcode 3.2";
			developmentRegion = en;
			hasScannedForEncodings = 0;
			knownRegions = (
				en,
				Base,
			);
			mainGroup = 83CBB9F61A601CBA00E9B192;
			productRefGroup = 83CBBA001A601CBA00E9B192 /* Products */;
			projectDirPath = "";
			projectRoot = "";
			targets = (
				13B07F861A680F5B00A75B9A /* BitcoinWallet */,
				00E356ED1AD99517003FC87E /* BitcoinWalletTests */,
				2D02E47A1E0B4A5D006451C7 /* BitcoinWallet-tvOS */,
				2D02E48F1E0B4A5D006451C7 /* BitcoinWallet-tvOSTests */,
			);
		};
/* End PBXProject section */

/* Begin PBXResourcesBuildPhase section */
		00E356EC1AD99517003FC87E /* Resources */ = {
			isa = PBXResourcesBuildPhase;
			buildActionMask = 2147483647;
			files = (
			);
			runOnlyForDeploymentPostprocessing = 0;
		};
		13B07F8E1A680F5B00A75B9A /* Resources */ = {
			isa = PBXResourcesBuildPhase;
			buildActionMask = 2147483647;
			files = (
				13B07FBF1A68108700A75B9A /* Images.xcassets in Resources */,
				13B07FBD1A68108700A75B9A /* LaunchScreen.xib in Resources */,
				5C65F1B209EA4ABE9EEA10BF /* AntDesign.ttf in Resources */,
				0817EB646359498AB5D844C9 /* Entypo.ttf in Resources */,
				76E7C2FB511641F1BDC307B8 /* EvilIcons.ttf in Resources */,
				CDFCC6B2EAFF4AF1A0E81CD6 /* Feather.ttf in Resources */,
				058F6302F36B4E598F4CDEFB /* FontAwesome.ttf in Resources */,
				EB346DE5AE6C45E3934D9B42 /* FontAwesome5_Brands.ttf in Resources */,
				BC70F484BC9E436AA2A0A9FD /* FontAwesome5_Regular.ttf in Resources */,
				07B15A309EB7426EB91A1D01 /* FontAwesome5_Solid.ttf in Resources */,
				BF399EB414624B99BBE5BBEC /* Fontisto.ttf in Resources */,
				9E911466CC4742999513477F /* Foundation.ttf in Resources */,
				FF6ECEF5008A4979BF019DB3 /* Ionicons.ttf in Resources */,
				66AC993DAB684875BD1FD20B /* MaterialCommunityIcons.ttf in Resources */,
				D7A1ABCCA90E4657B8E35AE8 /* MaterialIcons.ttf in Resources */,
				759C5AEBC35B4DFDA6B83FA5 /* Octicons.ttf in Resources */,
				F285F1D7D89B4CE8BBE72318 /* SimpleLineIcons.ttf in Resources */,
				452D775DDA3C4B2DAB664A88 /* Zocial.ttf in Resources */,
				97951AE584D2468AB4B3FE0A /* AntDesign.ttf in Resources */,
				B28DEE13FB6743BE85FD2C5C /* Entypo.ttf in Resources */,
				9F8E014F32E541FBABF5D397 /* EvilIcons.ttf in Resources */,
				B764D4B862F04C749B21F2EF /* Feather.ttf in Resources */,
				E4AAB37E7CBE4023B1EDE029 /* FontAwesome.ttf in Resources */,
				E4281F9983D74C6884D79476 /* FontAwesome5_Brands.ttf in Resources */,
				555A91976E5C43E78AED0417 /* FontAwesome5_Regular.ttf in Resources */,
				2F1FDBEDDCC34F198D6C466B /* FontAwesome5_Solid.ttf in Resources */,
				90AE48D2CAD94CEDBD26C8FE /* Fontisto.ttf in Resources */,
				ECD08ADC2DBD484CAA9D2AF3 /* Foundation.ttf in Resources */,
				489A29FD895C43B2A1BF655A /* Ionicons.ttf in Resources */,
				D1C92DA28A504FACBC871B21 /* MaterialCommunityIcons.ttf in Resources */,
				7DA9218ADF91499B9EFBC119 /* MaterialIcons.ttf in Resources */,
				C450E2DFC6F54173A0F4306F /* Octicons.ttf in Resources */,
				42C0FECF92314373BE55DB86 /* Roboto_medium.ttf in Resources */,
				750973C917BB4EE2A29C0DDD /* Roboto.ttf in Resources */,
				1BDD67B420714989AA49E582 /* rubicon-icon-font.ttf in Resources */,
				9A0EFAFCFD63423BB905A691 /* SimpleLineIcons.ttf in Resources */,
				B01E25EE89834B34A58BDE7C /* Zocial.ttf in Resources */,
				742016D351F84CC9A34D909E /* OpenSans-Bold.ttf in Resources */,
				1209EACD5B3B4011939848EA /* OpenSans-BoldItalic.ttf in Resources */,
				7E9BDB4904634D5C99D545B3 /* OpenSans-ExtraBold.ttf in Resources */,
				969A791C1A374F5A8D0DC69F /* OpenSans-ExtraBoldItalic.ttf in Resources */,
				228B06D07AFA458B8DC818BD /* OpenSans-Italic.ttf in Resources */,
				DA06DA10E9844526B7530324 /* OpenSans-Light.ttf in Resources */,
				AA9B661E4D8C4BDBA3BE0666 /* OpenSans-LightItalic.ttf in Resources */,
				BC5B63963C924AB88E314DDD /* OpenSans-Regular.ttf in Resources */,
				B511D8829F714ED899C433A1 /* OpenSans-SemiBold.ttf in Resources */,
				C5E28A005ABB461998490331 /* OpenSans-SemiBoldItalic.ttf in Resources */,
			);
			runOnlyForDeploymentPostprocessing = 0;
		};
		2D02E4791E0B4A5D006451C7 /* Resources */ = {
			isa = PBXResourcesBuildPhase;
			buildActionMask = 2147483647;
			files = (
				2D02E4BD1E0B4A84006451C7 /* Images.xcassets in Resources */,
			);
			runOnlyForDeploymentPostprocessing = 0;
		};
		2D02E48E1E0B4A5D006451C7 /* Resources */ = {
			isa = PBXResourcesBuildPhase;
			buildActionMask = 2147483647;
			files = (
			);
			runOnlyForDeploymentPostprocessing = 0;
		};
/* End PBXResourcesBuildPhase section */

/* Begin PBXShellScriptBuildPhase section */
		00DD1BFF1BD5951E006B06BC /* Bundle React Native code and images */ = {
			isa = PBXShellScriptBuildPhase;
			buildActionMask = 2147483647;
			files = (
			);
			inputPaths = (
			);
			name = "Bundle React Native code and images";
			outputPaths = (
			);
			runOnlyForDeploymentPostprocessing = 0;
			shellPath = /bin/sh;
			shellScript = "export NODE_BINARY=node\n../node_modules/react-native/scripts/react-native-xcode.sh";
		};
		2D02E4CB1E0B4B27006451C7 /* Bundle React Native Code And Images */ = {
			isa = PBXShellScriptBuildPhase;
			buildActionMask = 2147483647;
			files = (
			);
			inputPaths = (
			);
			name = "Bundle React Native Code And Images";
			outputPaths = (
			);
			runOnlyForDeploymentPostprocessing = 0;
			shellPath = /bin/sh;
			shellScript = "export NODE_BINARY=node\n../node_modules/react-native/scripts/react-native-xcode.sh";
		};
		FD10A7F022414F080027D42C /* Start Packager */ = {
			isa = PBXShellScriptBuildPhase;
			buildActionMask = 2147483647;
			files = (
			);
			inputFileListPaths = (
			);
			inputPaths = (
			);
			name = "Start Packager";
			outputFileListPaths = (
			);
			outputPaths = (
			);
			runOnlyForDeploymentPostprocessing = 0;
			shellPath = /bin/sh;
			shellScript = "export RCT_METRO_PORT=\"${RCT_METRO_PORT:=8081}\"\necho \"export RCT_METRO_PORT=${RCT_METRO_PORT}\" > \"${SRCROOT}/../node_modules/react-native/scripts/.packager.env\"\nif [ -z \"${RCT_NO_LAUNCH_PACKAGER+xxx}\" ] ; then\n  if nc -w 5 -z localhost ${RCT_METRO_PORT} ; then\n    if ! curl -s \"http://localhost:${RCT_METRO_PORT}/status\" | grep -q \"packager-status:running\" ; then\n      echo \"Port ${RCT_METRO_PORT} already in use, packager is either not running or not running correctly\"\n      exit 2\n    fi\n  else\n    open \"$SRCROOT/../node_modules/react-native/scripts/launchPackager.command\" || echo \"Can't start packager automatically\"\n  fi\nfi\n";
			showEnvVarsInLog = 0;
		};
		FD10A7F122414F3F0027D42C /* Start Packager */ = {
			isa = PBXShellScriptBuildPhase;
			buildActionMask = 2147483647;
			files = (
			);
			inputFileListPaths = (
			);
			inputPaths = (
			);
			name = "Start Packager";
			outputFileListPaths = (
			);
			outputPaths = (
			);
			runOnlyForDeploymentPostprocessing = 0;
			shellPath = /bin/sh;
			shellScript = "export RCT_METRO_PORT=\"${RCT_METRO_PORT:=8081}\"\necho \"export RCT_METRO_PORT=${RCT_METRO_PORT}\" > \"${SRCROOT}/../node_modules/react-native/scripts/.packager.env\"\nif [ -z \"${RCT_NO_LAUNCH_PACKAGER+xxx}\" ] ; then\n  if nc -w 5 -z localhost ${RCT_METRO_PORT} ; then\n    if ! curl -s \"http://localhost:${RCT_METRO_PORT}/status\" | grep -q \"packager-status:running\" ; then\n      echo \"Port ${RCT_METRO_PORT} already in use, packager is either not running or not running correctly\"\n      exit 2\n    fi\n  else\n    open \"$SRCROOT/../node_modules/react-native/scripts/launchPackager.command\" || echo \"Can't start packager automatically\"\n  fi\nfi\n";
			showEnvVarsInLog = 0;
		};
/* End PBXShellScriptBuildPhase section */

/* Begin PBXSourcesBuildPhase section */
		00E356EA1AD99517003FC87E /* Sources */ = {
			isa = PBXSourcesBuildPhase;
			buildActionMask = 2147483647;
			files = (
				00E356F31AD99517003FC87E /* BitcoinWalletTests.m in Sources */,
			);
			runOnlyForDeploymentPostprocessing = 0;
		};
		13B07F871A680F5B00A75B9A /* Sources */ = {
			isa = PBXSourcesBuildPhase;
			buildActionMask = 2147483647;
			files = (
				13B07FBC1A68108700A75B9A /* AppDelegate.m in Sources */,
				13B07FC11A68108700A75B9A /* main.m in Sources */,
			);
			runOnlyForDeploymentPostprocessing = 0;
		};
		2D02E4771E0B4A5D006451C7 /* Sources */ = {
			isa = PBXSourcesBuildPhase;
			buildActionMask = 2147483647;
			files = (
				2D02E4BF1E0B4AB3006451C7 /* main.m in Sources */,
				2D02E4BC1E0B4A80006451C7 /* AppDelegate.m in Sources */,
			);
			runOnlyForDeploymentPostprocessing = 0;
		};
		2D02E48C1E0B4A5D006451C7 /* Sources */ = {
			isa = PBXSourcesBuildPhase;
			buildActionMask = 2147483647;
			files = (
				2DCD954D1E0B4F2C00145EB5 /* BitcoinWalletTests.m in Sources */,
			);
			runOnlyForDeploymentPostprocessing = 0;
		};
/* End PBXSourcesBuildPhase section */

/* Begin PBXTargetDependency section */
		00E356F51AD99517003FC87E /* PBXTargetDependency */ = {
			isa = PBXTargetDependency;
			target = 13B07F861A680F5B00A75B9A /* BitcoinWallet */;
			targetProxy = 00E356F41AD99517003FC87E /* PBXContainerItemProxy */;
		};
		2D02E4921E0B4A5D006451C7 /* PBXTargetDependency */ = {
			isa = PBXTargetDependency;
			target = 2D02E47A1E0B4A5D006451C7 /* BitcoinWallet-tvOS */;
			targetProxy = 2D02E4911E0B4A5D006451C7 /* PBXContainerItemProxy */;
		};
/* End PBXTargetDependency section */

/* Begin PBXVariantGroup section */
		13B07FB11A68108700A75B9A /* LaunchScreen.xib */ = {
			isa = PBXVariantGroup;
			children = (
				13B07FB21A68108700A75B9A /* Base */,
			);
			name = LaunchScreen.xib;
			path = BitcoinWallet;
			sourceTree = "<group>";
		};
/* End PBXVariantGroup section */

/* Begin XCBuildConfiguration section */
		00E356F61AD99517003FC87E /* Debug */ = {
			isa = XCBuildConfiguration;
			buildSettings = {
				BUNDLE_LOADER = "$(TEST_HOST)";
				GCC_PREPROCESSOR_DEFINITIONS = (
					"DEBUG=1",
					"$(inherited)",
				);
				INFOPLIST_FILE = BitcoinWalletTests/Info.plist;
				IPHONEOS_DEPLOYMENT_TARGET = 9.0;
				LD_RUNPATH_SEARCH_PATHS = "$(inherited) @executable_path/Frameworks @loader_path/Frameworks";
				OTHER_LDFLAGS = (
					"-ObjC",
					"-lc++",
					"$(inherited)",
				);
				PRODUCT_BUNDLE_IDENTIFIER = "org.reactjs.native.example.$(PRODUCT_NAME:rfc1034identifier)";
				PRODUCT_NAME = "$(TARGET_NAME)";
				TEST_HOST = "$(BUILT_PRODUCTS_DIR)/BitcoinWallet.app/BitcoinWallet";
			};
			name = Debug;
		};
		00E356F71AD99517003FC87E /* Release */ = {
			isa = XCBuildConfiguration;
			buildSettings = {
				BUNDLE_LOADER = "$(TEST_HOST)";
				COPY_PHASE_STRIP = NO;
				INFOPLIST_FILE = BitcoinWalletTests/Info.plist;
				IPHONEOS_DEPLOYMENT_TARGET = 9.0;
				LD_RUNPATH_SEARCH_PATHS = "$(inherited) @executable_path/Frameworks @loader_path/Frameworks";
				OTHER_LDFLAGS = (
					"-ObjC",
					"-lc++",
					"$(inherited)",
				);
				PRODUCT_BUNDLE_IDENTIFIER = "org.reactjs.native.example.$(PRODUCT_NAME:rfc1034identifier)";
				PRODUCT_NAME = "$(TARGET_NAME)";
				TEST_HOST = "$(BUILT_PRODUCTS_DIR)/BitcoinWallet.app/BitcoinWallet";
			};
			name = Release;
		};
		13B07F941A680F5B00A75B9A /* Debug */ = {
			isa = XCBuildConfiguration;
			buildSettings = {
				ASSETCATALOG_COMPILER_APPICON_NAME = AppIcon;
				CLANG_ENABLE_MODULES = YES;
				CURRENT_PROJECT_VERSION = 1;
				ENABLE_BITCODE = NO;
				GCC_PREPROCESSOR_DEFINITIONS = (
					"$(inherited)",
					"FB_SONARKIT_ENABLED=1",
				);
				INFOPLIST_FILE = BitcoinWallet/Info.plist;
				LD_RUNPATH_SEARCH_PATHS = "$(inherited) @executable_path/Frameworks";
				OTHER_LDFLAGS = (
					"$(inherited)",
					"-ObjC",
					"-lc++",
				);
				PRODUCT_BUNDLE_IDENTIFIER = "org.reactjs.native.example.$(PRODUCT_NAME:rfc1034identifier)";
				PRODUCT_NAME = BitcoinWallet;
				SWIFT_OPTIMIZATION_LEVEL = "-Onone";
				SWIFT_VERSION = 5.0;
				VERSIONING_SYSTEM = "apple-generic";
			};
			name = Debug;
		};
		13B07F951A680F5B00A75B9A /* Release */ = {
			isa = XCBuildConfiguration;
			buildSettings = {
				ASSETCATALOG_COMPILER_APPICON_NAME = AppIcon;
				CLANG_ENABLE_MODULES = YES;
				CURRENT_PROJECT_VERSION = 1;
				INFOPLIST_FILE = BitcoinWallet/Info.plist;
				LD_RUNPATH_SEARCH_PATHS = "$(inherited) @executable_path/Frameworks";
				OTHER_LDFLAGS = (
					"$(inherited)",
					"-ObjC",
					"-lc++",
				);
				PRODUCT_BUNDLE_IDENTIFIER = "org.reactjs.native.example.$(PRODUCT_NAME:rfc1034identifier)";
				PRODUCT_NAME = BitcoinWallet;
				SWIFT_VERSION = 5.0;
				VERSIONING_SYSTEM = "apple-generic";
			};
			name = Release;
		};
		2D02E4971E0B4A5E006451C7 /* Debug */ = {
			isa = XCBuildConfiguration;
			buildSettings = {
				ASSETCATALOG_COMPILER_APPICON_NAME = "App Icon & Top Shelf Image";
				ASSETCATALOG_COMPILER_LAUNCHIMAGE_NAME = LaunchImage;
				CLANG_ANALYZER_NONNULL = YES;
				CLANG_WARN_DOCUMENTATION_COMMENTS = YES;
				CLANG_WARN_INFINITE_RECURSION = YES;
				CLANG_WARN_SUSPICIOUS_MOVE = YES;
				DEBUG_INFORMATION_FORMAT = dwarf;
				ENABLE_TESTABILITY = YES;
				GCC_NO_COMMON_BLOCKS = YES;
				INFOPLIST_FILE = "BitcoinWallet-tvOS/Info.plist";
				LD_RUNPATH_SEARCH_PATHS = "$(inherited) @executable_path/Frameworks";
				OTHER_LDFLAGS = (
					"$(inherited)",
					"-ObjC",
					"-lc++",
				);
				PRODUCT_BUNDLE_IDENTIFIER = "org.reactjs.native.example.BitcoinWallet-tvOS";
				PRODUCT_NAME = "$(TARGET_NAME)";
				SDKROOT = appletvos;
				TARGETED_DEVICE_FAMILY = 3;
				TVOS_DEPLOYMENT_TARGET = 9.2;
			};
			name = Debug;
		};
		2D02E4981E0B4A5E006451C7 /* Release */ = {
			isa = XCBuildConfiguration;
			buildSettings = {
				ASSETCATALOG_COMPILER_APPICON_NAME = "App Icon & Top Shelf Image";
				ASSETCATALOG_COMPILER_LAUNCHIMAGE_NAME = LaunchImage;
				CLANG_ANALYZER_NONNULL = YES;
				CLANG_WARN_DOCUMENTATION_COMMENTS = YES;
				CLANG_WARN_INFINITE_RECURSION = YES;
				CLANG_WARN_SUSPICIOUS_MOVE = YES;
				COPY_PHASE_STRIP = NO;
				DEBUG_INFORMATION_FORMAT = "dwarf-with-dsym";
				GCC_NO_COMMON_BLOCKS = YES;
				INFOPLIST_FILE = "BitcoinWallet-tvOS/Info.plist";
				LD_RUNPATH_SEARCH_PATHS = "$(inherited) @executable_path/Frameworks";
				OTHER_LDFLAGS = (
					"$(inherited)",
					"-ObjC",
					"-lc++",
				);
				PRODUCT_BUNDLE_IDENTIFIER = "org.reactjs.native.example.BitcoinWallet-tvOS";
				PRODUCT_NAME = "$(TARGET_NAME)";
				SDKROOT = appletvos;
				TARGETED_DEVICE_FAMILY = 3;
				TVOS_DEPLOYMENT_TARGET = 9.2;
			};
			name = Release;
		};
		2D02E4991E0B4A5E006451C7 /* Debug */ = {
			isa = XCBuildConfiguration;
			buildSettings = {
				BUNDLE_LOADER = "$(TEST_HOST)";
				CLANG_ANALYZER_NONNULL = YES;
				CLANG_WARN_DOCUMENTATION_COMMENTS = YES;
				CLANG_WARN_INFINITE_RECURSION = YES;
				CLANG_WARN_SUSPICIOUS_MOVE = YES;
				DEBUG_INFORMATION_FORMAT = dwarf;
				ENABLE_TESTABILITY = YES;
				GCC_NO_COMMON_BLOCKS = YES;
				INFOPLIST_FILE = "BitcoinWallet-tvOSTests/Info.plist";
				LD_RUNPATH_SEARCH_PATHS = "$(inherited) @executable_path/Frameworks @loader_path/Frameworks";
				OTHER_LDFLAGS = (
					"$(inherited)",
					"-ObjC",
					"-lc++",
				);
				PRODUCT_BUNDLE_IDENTIFIER = "org.reactjs.native.example.BitcoinWallet-tvOSTests";
				PRODUCT_NAME = "$(TARGET_NAME)";
				SDKROOT = appletvos;
				TEST_HOST = "$(BUILT_PRODUCTS_DIR)/BitcoinWallet-tvOS.app/BitcoinWallet-tvOS";
				TVOS_DEPLOYMENT_TARGET = 10.1;
			};
			name = Debug;
		};
		2D02E49A1E0B4A5E006451C7 /* Release */ = {
			isa = XCBuildConfiguration;
			buildSettings = {
				BUNDLE_LOADER = "$(TEST_HOST)";
				CLANG_ANALYZER_NONNULL = YES;
				CLANG_WARN_DOCUMENTATION_COMMENTS = YES;
				CLANG_WARN_INFINITE_RECURSION = YES;
				CLANG_WARN_SUSPICIOUS_MOVE = YES;
				COPY_PHASE_STRIP = NO;
				DEBUG_INFORMATION_FORMAT = "dwarf-with-dsym";
				GCC_NO_COMMON_BLOCKS = YES;
				INFOPLIST_FILE = "BitcoinWallet-tvOSTests/Info.plist";
				LD_RUNPATH_SEARCH_PATHS = "$(inherited) @executable_path/Frameworks @loader_path/Frameworks";
				OTHER_LDFLAGS = (
					"$(inherited)",
					"-ObjC",
					"-lc++",
				);
				PRODUCT_BUNDLE_IDENTIFIER = "org.reactjs.native.example.BitcoinWallet-tvOSTests";
				PRODUCT_NAME = "$(TARGET_NAME)";
				SDKROOT = appletvos;
				TEST_HOST = "$(BUILT_PRODUCTS_DIR)/BitcoinWallet-tvOS.app/BitcoinWallet-tvOS";
				TVOS_DEPLOYMENT_TARGET = 10.1;
			};
			name = Release;
		};
		83CBBA201A601CBA00E9B192 /* Debug */ = {
			isa = XCBuildConfiguration;
			buildSettings = {
				ALWAYS_SEARCH_USER_PATHS = NO;
				CLANG_ANALYZER_LOCALIZABILITY_NONLOCALIZED = YES;
				CLANG_CXX_LANGUAGE_STANDARD = "gnu++0x";
				CLANG_CXX_LIBRARY = "libc++";
				CLANG_ENABLE_MODULES = YES;
				CLANG_ENABLE_OBJC_ARC = YES;
				CLANG_WARN_BLOCK_CAPTURE_AUTORELEASING = YES;
				CLANG_WARN_BOOL_CONVERSION = YES;
				CLANG_WARN_COMMA = YES;
				CLANG_WARN_CONSTANT_CONVERSION = YES;
				CLANG_WARN_DEPRECATED_OBJC_IMPLEMENTATIONS = YES;
				CLANG_WARN_DIRECT_OBJC_ISA_USAGE = YES_ERROR;
				CLANG_WARN_EMPTY_BODY = YES;
				CLANG_WARN_ENUM_CONVERSION = YES;
				CLANG_WARN_INFINITE_RECURSION = YES;
				CLANG_WARN_INT_CONVERSION = YES;
				CLANG_WARN_NON_LITERAL_NULL_CONVERSION = YES;
				CLANG_WARN_OBJC_IMPLICIT_RETAIN_SELF = YES;
				CLANG_WARN_OBJC_LITERAL_CONVERSION = YES;
				CLANG_WARN_OBJC_ROOT_CLASS = YES_ERROR;
				CLANG_WARN_RANGE_LOOP_ANALYSIS = YES;
				CLANG_WARN_STRICT_PROTOTYPES = YES;
				CLANG_WARN_SUSPICIOUS_MOVE = YES;
				CLANG_WARN_UNREACHABLE_CODE = YES;
				CLANG_WARN__DUPLICATE_METHOD_MATCH = YES;
				"CODE_SIGN_IDENTITY[sdk=iphoneos*]" = "iPhone Developer";
				COPY_PHASE_STRIP = NO;
				ENABLE_STRICT_OBJC_MSGSEND = YES;
				ENABLE_TESTABILITY = YES;
				GCC_C_LANGUAGE_STANDARD = gnu99;
				GCC_DYNAMIC_NO_PIC = NO;
				GCC_NO_COMMON_BLOCKS = YES;
				GCC_OPTIMIZATION_LEVEL = 0;
				GCC_PREPROCESSOR_DEFINITIONS = (
					"DEBUG=1",
					"$(inherited)",
				);
				GCC_SYMBOLS_PRIVATE_EXTERN = NO;
				GCC_WARN_64_TO_32_BIT_CONVERSION = YES;
				GCC_WARN_ABOUT_RETURN_TYPE = YES_ERROR;
				GCC_WARN_UNDECLARED_SELECTOR = YES;
				GCC_WARN_UNINITIALIZED_AUTOS = YES_AGGRESSIVE;
				GCC_WARN_UNUSED_FUNCTION = YES;
				GCC_WARN_UNUSED_VARIABLE = YES;
				IPHONEOS_DEPLOYMENT_TARGET = 9.0;
				LD_RUNPATH_SEARCH_PATHS = "/usr/lib/swift $(inherited)";
				LIBRARY_SEARCH_PATHS = (
					"\"$(TOOLCHAIN_DIR)/usr/lib/swift/$(PLATFORM_NAME)\"",
					"\"$(TOOLCHAIN_DIR)/usr/lib/swift-5.0/$(PLATFORM_NAME)\"",
					"\"$(inherited)\"",
				);
				MTL_ENABLE_DEBUG_INFO = YES;
				ONLY_ACTIVE_ARCH = YES;
				SDKROOT = iphoneos;
			};
			name = Debug;
		};
		83CBBA211A601CBA00E9B192 /* Release */ = {
			isa = XCBuildConfiguration;
			buildSettings = {
				ALWAYS_SEARCH_USER_PATHS = NO;
				CLANG_ANALYZER_LOCALIZABILITY_NONLOCALIZED = YES;
				CLANG_CXX_LANGUAGE_STANDARD = "gnu++0x";
				CLANG_CXX_LIBRARY = "libc++";
				CLANG_ENABLE_MODULES = YES;
				CLANG_ENABLE_OBJC_ARC = YES;
				CLANG_WARN_BLOCK_CAPTURE_AUTORELEASING = YES;
				CLANG_WARN_BOOL_CONVERSION = YES;
				CLANG_WARN_COMMA = YES;
				CLANG_WARN_CONSTANT_CONVERSION = YES;
				CLANG_WARN_DEPRECATED_OBJC_IMPLEMENTATIONS = YES;
				CLANG_WARN_DIRECT_OBJC_ISA_USAGE = YES_ERROR;
				CLANG_WARN_EMPTY_BODY = YES;
				CLANG_WARN_ENUM_CONVERSION = YES;
				CLANG_WARN_INFINITE_RECURSION = YES;
				CLANG_WARN_INT_CONVERSION = YES;
				CLANG_WARN_NON_LITERAL_NULL_CONVERSION = YES;
				CLANG_WARN_OBJC_IMPLICIT_RETAIN_SELF = YES;
				CLANG_WARN_OBJC_LITERAL_CONVERSION = YES;
				CLANG_WARN_OBJC_ROOT_CLASS = YES_ERROR;
				CLANG_WARN_RANGE_LOOP_ANALYSIS = YES;
				CLANG_WARN_STRICT_PROTOTYPES = YES;
				CLANG_WARN_SUSPICIOUS_MOVE = YES;
				CLANG_WARN_UNREACHABLE_CODE = YES;
				CLANG_WARN__DUPLICATE_METHOD_MATCH = YES;
				"CODE_SIGN_IDENTITY[sdk=iphoneos*]" = "iPhone Developer";
				COPY_PHASE_STRIP = YES;
				ENABLE_NS_ASSERTIONS = NO;
				ENABLE_STRICT_OBJC_MSGSEND = YES;
				GCC_C_LANGUAGE_STANDARD = gnu99;
				GCC_NO_COMMON_BLOCKS = YES;
				GCC_WARN_64_TO_32_BIT_CONVERSION = YES;
				GCC_WARN_ABOUT_RETURN_TYPE = YES_ERROR;
				GCC_WARN_UNDECLARED_SELECTOR = YES;
				GCC_WARN_UNINITIALIZED_AUTOS = YES_AGGRESSIVE;
				GCC_WARN_UNUSED_FUNCTION = YES;
				GCC_WARN_UNUSED_VARIABLE = YES;
				IPHONEOS_DEPLOYMENT_TARGET = 9.0;
				LD_RUNPATH_SEARCH_PATHS = "/usr/lib/swift $(inherited)";
				LIBRARY_SEARCH_PATHS = (
					"\"$(TOOLCHAIN_DIR)/usr/lib/swift/$(PLATFORM_NAME)\"",
					"\"$(TOOLCHAIN_DIR)/usr/lib/swift-5.0/$(PLATFORM_NAME)\"",
					"\"$(inherited)\"",
				);
				MTL_ENABLE_DEBUG_INFO = NO;
				SDKROOT = iphoneos;
				VALIDATE_PRODUCT = YES;
			};
			name = Release;
		};
/* End XCBuildConfiguration section */

/* Begin XCConfigurationList section */
		00E357021AD99517003FC87E /* Build configuration list for PBXNativeTarget "BitcoinWalletTests" */ = {
			isa = XCConfigurationList;
			buildConfigurations = (
				00E356F61AD99517003FC87E /* Debug */,
				00E356F71AD99517003FC87E /* Release */,
			);
			defaultConfigurationIsVisible = 0;
			defaultConfigurationName = Release;
		};
		13B07F931A680F5B00A75B9A /* Build configuration list for PBXNativeTarget "BitcoinWallet" */ = {
			isa = XCConfigurationList;
			buildConfigurations = (
				13B07F941A680F5B00A75B9A /* Debug */,
				13B07F951A680F5B00A75B9A /* Release */,
			);
			defaultConfigurationIsVisible = 0;
			defaultConfigurationName = Release;
		};
		2D02E4BA1E0B4A5E006451C7 /* Build configuration list for PBXNativeTarget "BitcoinWallet-tvOS" */ = {
			isa = XCConfigurationList;
			buildConfigurations = (
				2D02E4971E0B4A5E006451C7 /* Debug */,
				2D02E4981E0B4A5E006451C7 /* Release */,
			);
			defaultConfigurationIsVisible = 0;
			defaultConfigurationName = Release;
		};
		2D02E4BB1E0B4A5E006451C7 /* Build configuration list for PBXNativeTarget "BitcoinWallet-tvOSTests" */ = {
			isa = XCConfigurationList;
			buildConfigurations = (
				2D02E4991E0B4A5E006451C7 /* Debug */,
				2D02E49A1E0B4A5E006451C7 /* Release */,
			);
			defaultConfigurationIsVisible = 0;
			defaultConfigurationName = Release;
		};
		83CBB9FA1A601CBA00E9B192 /* Build configuration list for PBXProject "BitcoinWallet" */ = {
			isa = XCConfigurationList;
			buildConfigurations = (
				83CBBA201A601CBA00E9B192 /* Debug */,
				83CBBA211A601CBA00E9B192 /* Release */,
			);
			defaultConfigurationIsVisible = 0;
			defaultConfigurationName = Release;
		};
/* End XCConfigurationList section */
	};
	rootObject = 83CBB9F71A601CBA00E9B192 /* Project object */;
}
